
Microsoft Visual Studio Solution File, Format Version 12.00
# Visual Studio Version 17
VisualStudioVersion = 17.3.32825.248
MinimumVisualStudioVersion = 10.0.40219.1
Project("{FAE04EC0-301F-11D3-BF4B-00C04F79EFBC}") = "Graf", "Graf\Graf.csproj", "{FF68FA38-ED7A-47EC-BB1A-68D41F2625F7}"
EndProject
Global
	GlobalSection(SolutionConfigurationPlatforms) = preSolution
		Debug|Any CPU = Debug|Any CPU
		Release|Any CPU = Release|Any CPU
	EndGlobalSection
	GlobalSection(ProjectConfigurationPlatforms) = postSolution
		{FF68FA38-ED7A-47EC-BB1A-68D41F2625F7}.Debug|Any CPU.ActiveCfg = Debug|Any CPU
		{FF68FA38-ED7A-47EC-BB1A-68D41F2625F7}.Debug|Any CPU.Build.0 = Debug|Any CPU
		{FF68FA38-ED7A-47EC-BB1A-68D41F2625F7}.Release|Any CPU.ActiveCfg = Release|Any CPU
		{FF68FA38-ED7A-47EC-BB1A-68D41F2625F7}.Release|Any CPU.Build.0 = Release|Any CPU
	EndGlobalSection
	GlobalSection(SolutionProperties) = preSolution
		HideSolutionNode = FALSE
	EndGlobalSection
	GlobalSection(ExtensibilityGlobals) = postSolution
		SolutionGuid = {8A7D78DF-52BC-48D1-9485-C004E2D558A2}
	EndGlobalSection
EndGlobal
